// !$*UTF8*$!
{
	archiveVersion = 1;
	classes = {
	};
	objectVersion = 50;
	objects = {

/* Begin PBXBuildFile section */
		8243EBB92519CCC50050569E /* commonDefine.cpp in Sources */ = {isa = PBXBuildFile; fileRef = 8243EBB72519CCC50050569E /* commonDefine.cpp */; };
		82976DB02519933200261225 /* AppDelegate.m in Sources */ = {isa = PBXBuildFile; fileRef = 82976DAF2519933200261225 /* AppDelegate.m */; };
		82976DB62519933200261225 /* ViewController.m in Sources */ = {isa = PBXBuildFile; fileRef = 82976DB52519933200261225 /* ViewController.m */; };
		82976DB92519933200261225 /* Main.storyboard in Resources */ = {isa = PBXBuildFile; fileRef = 82976DB72519933200261225 /* Main.storyboard */; };
		82976DBB2519933300261225 /* Assets.xcassets in Resources */ = {isa = PBXBuildFile; fileRef = 82976DBA2519933300261225 /* Assets.xcassets */; };
		82976DBE2519933300261225 /* LaunchScreen.storyboard in Resources */ = {isa = PBXBuildFile; fileRef = 82976DBC2519933300261225 /* LaunchScreen.storyboard */; };
		82976DC12519933300261225 /* main.m in Sources */ = {isa = PBXBuildFile; fileRef = 82976DC02519933300261225 /* main.m */; };
		82976DF32519968A00261225 /* UIImage+Bundle.m in Sources */ = {isa = PBXBuildFile; fileRef = 82976DF22519968A00261225 /* UIImage+Bundle.m */; };
		82976DF92519972F00261225 /* weblogoff.png in Resources */ = {isa = PBXBuildFile; fileRef = 82976DF82519972F00261225 /* weblogoff.png */; };
		82976E1C25199BB400261225 /* Foundation.framework in Frameworks */ = {isa = PBXBuildFile; fileRef = 82976E1B25199BB400261225 /* Foundation.framework */; };
/* End PBXBuildFile section */

/* Begin PBXFileReference section */
		8243EBB72519CCC50050569E /* commonDefine.cpp */ = {isa = PBXFileReference; lastKnownFileType = sourcecode.cpp.cpp; path = commonDefine.cpp; sourceTree = "<group>"; };
		8243EBB82519CCC50050569E /* commonDefine.h */ = {isa = PBXFileReference; lastKnownFileType = sourcecode.c.h; path = commonDefine.h; sourceTree = "<group>"; };
		82976DAB2519933200261225 /* Searchi_Obj.app */ = {isa = PBXFileReference; explicitFileType = wrapper.application; includeInIndex = 0; path = Searchi_Obj.app; sourceTree = BUILT_PRODUCTS_DIR; };
		82976DAE2519933200261225 /* AppDelegate.h */ = {isa = PBXFileReference; lastKnownFileType = sourcecode.c.h; path = AppDelegate.h; sourceTree = "<group>"; };
		82976DAF2519933200261225 /* AppDelegate.m */ = {isa = PBXFileReference; lastKnownFileType = sourcecode.c.objc; path = AppDelegate.m; sourceTree = "<group>"; };
		82976DB42519933200261225 /* ViewController.h */ = {isa = PBXFileReference; lastKnownFileType = sourcecode.c.h; path = ViewController.h; sourceTree = "<group>"; };
		82976DB52519933200261225 /* ViewController.m */ = {isa = PBXFileReference; lastKnownFileType = sourcecode.c.objc; path = ViewController.m; sourceTree = "<group>"; };
		82976DB82519933200261225 /* Base */ = {isa = PBXFileReference; lastKnownFileType = file.storyboard; name = Base; path = Base.lproj/Main.storyboard; sourceTree = "<group>"; };
		82976DBA2519933300261225 /* Assets.xcassets */ = {isa = PBXFileReference; lastKnownFileType = folder.assetcatalog; path = Assets.xcassets; sourceTree = "<group>"; };
		82976DBD2519933300261225 /* Base */ = {isa = PBXFileReference; lastKnownFileType = file.storyboard; name = Base; path = Base.lproj/LaunchScreen.storyboard; sourceTree = "<group>"; };
		82976DBF2519933300261225 /* Info.plist */ = {isa = PBXFileReference; lastKnownFileType = text.plist.xml; path = Info.plist; sourceTree = "<group>"; };
		82976DC02519933300261225 /* main.m */ = {isa = PBXFileReference; lastKnownFileType = sourcecode.c.objc; path = main.m; sourceTree = "<group>"; };
		82976DF12519968A00261225 /* UIImage+Bundle.h */ = {isa = PBXFileReference; lastKnownFileType = sourcecode.c.h; path = "UIImage+Bundle.h"; sourceTree = "<group>"; };
		82976DF22519968A00261225 /* UIImage+Bundle.m */ = {isa = PBXFileReference; lastKnownFileType = sourcecode.c.objc; path = "UIImage+Bundle.m"; sourceTree = "<group>"; };
		82976DF82519972F00261225 /* weblogoff.png */ = {isa = PBXFileReference; lastKnownFileType = image.png; path = weblogoff.png; sourceTree = "<group>"; };
		82976E11251999F700261225 /* Searchi.pch */ = {isa = PBXFileReference; lastKnownFileType = sourcecode.c.h; path = Searchi.pch; sourceTree = "<group>"; };
		82976E1B25199BB400261225 /* Foundation.framework */ = {isa = PBXFileReference; lastKnownFileType = wrapper.framework; name = Foundation.framework; path = System/Library/Frameworks/Foundation.framework; sourceTree = SDKROOT; };
/* End PBXFileReference section */

/* Begin PBXFrameworksBuildPhase section */
		82976DA82519933200261225 /* Frameworks */ = {
			isa = PBXFrameworksBuildPhase;
			buildActionMask = 2147483647;
			files = (
				82976E1C25199BB400261225 /* Foundation.framework in Frameworks */,
			);
			runOnlyForDeploymentPostprocessing = 0;
		};
/* End PBXFrameworksBuildPhase section */

/* Begin PBXGroup section */
		82976DA22519933100261225 = {
			isa = PBXGroup;
			children = (
				82976DAD2519933200261225 /* Searchi_Obj */,
				82976DAC2519933200261225 /* Products */,
				82976E1A25199BB400261225 /* Frameworks */,
			);
			sourceTree = "<group>";
		};
		82976DAC2519933200261225 /* Products */ = {
			isa = PBXGroup;
			children = (
				82976DAB2519933200261225 /* Searchi_Obj.app */,
			);
			name = Products;
			sourceTree = "<group>";
		};
		82976DAD2519933200261225 /* Searchi_Obj */ = {
			isa = PBXGroup;
			children = (
				82976E05251998CD00261225 /* LogView */,
				82976DEB251995F500261225 /* Common */,
				82976DAE2519933200261225 /* AppDelegate.h */,
				82976DAF2519933200261225 /* AppDelegate.m */,
				82976DB42519933200261225 /* ViewController.h */,
				82976DB52519933200261225 /* ViewController.m */,
				82976E11251999F700261225 /* Searchi.pch */,
				82976DB72519933200261225 /* Main.storyboard */,
				82976DBA2519933300261225 /* Assets.xcassets */,
				82976DBC2519933300261225 /* LaunchScreen.storyboard */,
				82976DBF2519933300261225 /* Info.plist */,
				82976DC02519933300261225 /* main.m */,
				82976DF72519971A00261225 /* Resource */,
			);
			path = Searchi_Obj;
			sourceTree = "<group>";
		};
		82976DEB251995F500261225 /* Common */ = {
			isa = PBXGroup;
			children = (
				82976DF12519968A00261225 /* UIImage+Bundle.h */,
				82976DF22519968A00261225 /* UIImage+Bundle.m */,
				8243EBB82519CCC50050569E /* commonDefine.h */,
				8243EBB72519CCC50050569E /* commonDefine.cpp */,
			);
			path = Common;
			sourceTree = "<group>";
		};
		82976DF72519971A00261225 /* Resource */ = {
			isa = PBXGroup;
			children = (
				82976DF82519972F00261225 /* weblogoff.png */,
			);
			path = Resource;
			sourceTree = "<group>";
		};
		82976E05251998CD00261225 /* LogView */ = {
			isa = PBXGroup;
			children = (
			);
			path = LogView;
			sourceTree = "<group>";
		};
		82976E1A25199BB400261225 /* Frameworks */ = {
			isa = PBXGroup;
			children = (
				82976E1B25199BB400261225 /* Foundation.framework */,
			);
			name = Frameworks;
			sourceTree = "<group>";
		};
/* End PBXGroup section */

/* Begin PBXNativeTarget section */
		82976DAA2519933200261225 /* Searchi_Obj */ = {
			isa = PBXNativeTarget;
			buildConfigurationList = 82976DDA2519933300261225 /* Build configuration list for PBXNativeTarget "Searchi_Obj" */;
			buildPhases = (
				82976DA72519933200261225 /* Sources */,
				82976DA82519933200261225 /* Frameworks */,
				82976DA92519933200261225 /* Resources */,
			);
			buildRules = (
			);
			dependencies = (
			);
			name = Searchi_Obj;
			productName = Searchi_Obj;
			productReference = 82976DAB2519933200261225 /* Searchi_Obj.app */;
			productType = "com.apple.product-type.application";
		};
/* End PBXNativeTarget section */

/* Begin PBXProject section */
		82976DA32519933100261225 /* Project object */ = {
			isa = PBXProject;
			attributes = {
				LastUpgradeCheck = 1200;
				TargetAttributes = {
					82976DAA2519933200261225 = {
						CreatedOnToolsVersion = 12.0;
					};
				};
			};
			buildConfigurationList = 82976DA62519933100261225 /* Build configuration list for PBXProject "Searchi_Obj" */;
			compatibilityVersion = "Xcode 9.3";
			developmentRegion = en;
			hasScannedForEncodings = 0;
			knownRegions = (
				en,
				Base,
			);
			mainGroup = 82976DA22519933100261225;
			productRefGroup = 82976DAC2519933200261225 /* Products */;
			projectDirPath = "";
			projectRoot = "";
			targets = (
				82976DAA2519933200261225 /* Searchi_Obj */,
			);
		};
/* End PBXProject section */

/* Begin PBXResourcesBuildPhase section */
		82976DA92519933200261225 /* Resources */ = {
			isa = PBXResourcesBuildPhase;
			buildActionMask = 2147483647;
			files = (
				82976DBE2519933300261225 /* LaunchScreen.storyboard in Resources */,
				82976DBB2519933300261225 /* Assets.xcassets in Resources */,
				82976DB92519933200261225 /* Main.storyboard in Resources */,
				82976DF92519972F00261225 /* weblogoff.png in Resources */,
			);
			runOnlyForDeploymentPostprocessing = 0;
		};
/* End PBXResourcesBuildPhase section */

/* Begin PBXSourcesBuildPhase section */
		82976DA72519933200261225 /* Sources */ = {
			isa = PBXSourcesBuildPhase;
			buildActionMask = 2147483647;
			files = (
				82976DB62519933200261225 /* ViewController.m in Sources */,
				82976DF32519968A00261225 /* UIImage+Bundle.m in Sources */,
				82976DB02519933200261225 /* AppDelegate.m in Sources */,
				8243EBB92519CCC50050569E /* commonDefine.cpp in Sources */,
				82976DC12519933300261225 /* main.m in Sources */,
			);
			runOnlyForDeploymentPostprocessing = 0;
		};
/* End PBXSourcesBuildPhase section */

/* Begin PBXVariantGroup section */
		82976DB72519933200261225 /* Main.storyboard */ = {
			isa = PBXVariantGroup;
			children = (
				82976DB82519933200261225 /* Base */,
			);
			name = Main.storyboard;
			sourceTree = "<group>";
		};
		82976DBC2519933300261225 /* LaunchScreen.storyboard */ = {
			isa = PBXVariantGroup;
			children = (
				82976DBD2519933300261225 /* Base */,
			);
			name = LaunchScreen.storyboard;
			sourceTree = "<group>";
		};
/* End PBXVariantGroup section */

/* Begin XCBuildConfiguration section */
		82976DD82519933300261225 /* Debug */ = {
			isa = XCBuildConfiguration;
			buildSettings = {
				ALWAYS_SEARCH_USER_PATHS = NO;
				CLANG_ANALYZER_NONNULL = YES;
				CLANG_ANALYZER_NUMBER_OBJECT_CONVERSION = YES_AGGRESSIVE;
				CLANG_CXX_LANGUAGE_STANDARD = "gnu++14";
				CLANG_CXX_LIBRARY = "libc++";
				CLANG_ENABLE_MODULES = YES;
				CLANG_ENABLE_OBJC_ARC = YES;
				CLANG_ENABLE_OBJC_WEAK = YES;
				CLANG_WARN_BLOCK_CAPTURE_AUTORELEASING = YES;
				CLANG_WARN_BOOL_CONVERSION = YES;
				CLANG_WARN_COMMA = YES;
				CLANG_WARN_CONSTANT_CONVERSION = YES;
				CLANG_WARN_DEPRECATED_OBJC_IMPLEMENTATIONS = YES;
				CLANG_WARN_DIRECT_OBJC_ISA_USAGE = YES_ERROR;
				CLANG_WARN_DOCUMENTATION_COMMENTS = YES;
				CLANG_WARN_EMPTY_BODY = YES;
				CLANG_WARN_ENUM_CONVERSION = YES;
				CLANG_WARN_INFINITE_RECURSION = YES;
				CLANG_WARN_INT_CONVERSION = YES;
				CLANG_WARN_NON_LITERAL_NULL_CONVERSION = YES;
				CLANG_WARN_OBJC_IMPLICIT_RETAIN_SELF = YES;
				CLANG_WARN_OBJC_LITERAL_CONVERSION = YES;
				CLANG_WARN_OBJC_ROOT_CLASS = YES_ERROR;
				CLANG_WARN_QUOTED_INCLUDE_IN_FRAMEWORK_HEADER = YES;
				CLANG_WARN_RANGE_LOOP_ANALYSIS = YES;
				CLANG_WARN_STRICT_PROTOTYPES = YES;
				CLANG_WARN_SUSPICIOUS_MOVE = YES;
				CLANG_WARN_UNGUARDED_AVAILABILITY = YES_AGGRESSIVE;
				CLANG_WARN_UNREACHABLE_CODE = YES;
				CLANG_WARN__DUPLICATE_METHOD_MATCH = YES;
				COPY_PHASE_STRIP = NO;
				DEBUG_INFORMATION_FORMAT = dwarf;
				ENABLE_STRICT_OBJC_MSGSEND = YES;
				ENABLE_TESTABILITY = YES;
				GCC_C_LANGUAGE_STANDARD = gnu11;
				GCC_DYNAMIC_NO_PIC = NO;
				GCC_NO_COMMON_BLOCKS = YES;
				GCC_OPTIMIZATION_LEVEL = 0;
				GCC_PREPROCESSOR_DEFINITIONS = (
					"DEBUG=1",
					"$(inherited)",
				);
				GCC_WARN_64_TO_32_BIT_CONVERSION = YES;
				GCC_WARN_ABOUT_RETURN_TYPE = YES_ERROR;
				GCC_WARN_UNDECLARED_SELECTOR = YES;
				GCC_WARN_UNINITIALIZED_AUTOS = YES_AGGRESSIVE;
				GCC_WARN_UNUSED_FUNCTION = YES;
				GCC_WARN_UNUSED_VARIABLE = YES;
				IPHONEOS_DEPLOYMENT_TARGET = 9.0;
				MTL_ENABLE_DEBUG_INFO = INCLUDE_SOURCE;
				MTL_FAST_MATH = YES;
				ONLY_ACTIVE_ARCH = YES;
				SDKROOT = iphoneos;
			};
			name = Debug;
		};
		82976DD92519933300261225 /* Release */ = {
			isa = XCBuildConfiguration;
			buildSettings = {
				ALWAYS_SEARCH_USER_PATHS = NO;
				CLANG_ANALYZER_NONNULL = YES;
				CLANG_ANALYZER_NUMBER_OBJECT_CONVERSION = YES_AGGRESSIVE;
				CLANG_CXX_LANGUAGE_STANDARD = "gnu++14";
				CLANG_CXX_LIBRARY = "libc++";
				CLANG_ENABLE_MODULES = YES;
				CLANG_ENABLE_OBJC_ARC = YES;
				CLANG_ENABLE_OBJC_WEAK = YES;
				CLANG_WARN_BLOCK_CAPTURE_AUTORELEASING = YES;
				CLANG_WARN_BOOL_CONVERSION = YES;
				CLANG_WARN_COMMA = YES;
				CLANG_WARN_CONSTANT_CONVERSION = YES;
				CLANG_WARN_DEPRECATED_OBJC_IMPLEMENTATIONS = YES;
				CLANG_WARN_DIRECT_OBJC_ISA_USAGE = YES_ERROR;
				CLANG_WARN_DOCUMENTATION_COMMENTS = YES;
				CLANG_WARN_EMPTY_BODY = YES;
				CLANG_WARN_ENUM_CONVERSION = YES;
				CLANG_WARN_INFINITE_RECURSION = YES;
				CLANG_WARN_INT_CONVERSION = YES;
				CLANG_WARN_NON_LITERAL_NULL_CONVERSION = YES;
				CLANG_WARN_OBJC_IMPLICIT_RETAIN_SELF = YES;
				CLANG_WARN_OBJC_LITERAL_CONVERSION = YES;
				CLANG_WARN_OBJC_ROOT_CLASS = YES_ERROR;
				CLANG_WARN_QUOTED_INCLUDE_IN_FRAMEWORK_HEADER = YES;
				CLANG_WARN_RANGE_LOOP_ANALYSIS = YES;
				CLANG_WARN_STRICT_PROTOTYPES = YES;
				CLANG_WARN_SUSPICIOUS_MOVE = YES;
				CLANG_WARN_UNGUARDED_AVAILABILITY = YES_AGGRESSIVE;
				CLANG_WARN_UNREACHABLE_CODE = YES;
				CLANG_WARN__DUPLICATE_METHOD_MATCH = YES;
				COPY_PHASE_STRIP = NO;
				DEBUG_INFORMATION_FORMAT = "dwarf-with-dsym";
				ENABLE_NS_ASSERTIONS = NO;
				ENABLE_STRICT_OBJC_MSGSEND = YES;
				GCC_C_LANGUAGE_STANDARD = gnu11;
				GCC_NO_COMMON_BLOCKS = YES;
				GCC_WARN_64_TO_32_BIT_CONVERSION = YES;
				GCC_WARN_ABOUT_RETURN_TYPE = YES_ERROR;
				GCC_WARN_UNDECLARED_SELECTOR = YES;
				GCC_WARN_UNINITIALIZED_AUTOS = YES_AGGRESSIVE;
				GCC_WARN_UNUSED_FUNCTION = YES;
				GCC_WARN_UNUSED_VARIABLE = YES;
				IPHONEOS_DEPLOYMENT_TARGET = 9.0;
				MTL_ENABLE_DEBUG_INFO = NO;
				MTL_FAST_MATH = YES;
				SDKROOT = iphoneos;
				VALIDATE_PRODUCT = YES;
			};
			name = Release;
		};
		82976DDB2519933300261225 /* Debug */ = {
			isa = XCBuildConfiguration;
			buildSettings = {
				ASSETCATALOG_COMPILER_APPICON_NAME = AppIcon;
				ASSETCATALOG_COMPILER_GLOBAL_ACCENT_COLOR_NAME = AccentColor;
				CODE_SIGN_STYLE = Automatic;
				DEVELOPMENT_TEAM = T42LSGY5JT;
				GCC_PREFIX_HEADER = Searchi_Obj/Searchi.pch;
				INFOPLIST_FILE = Searchi_Obj/Info.plist;
				LD_RUNPATH_SEARCH_PATHS = (
					"$(inherited)",
					"@executable_path/Frameworks",
				);
				PRODUCT_BUNDLE_IDENTIFIER = co.kr.hsw.LogSearchi;
				PRODUCT_NAME = "$(TARGET_NAME)";
				TARGETED_DEVICE_FAMILY = "1,2";
			};
			name = Debug;
		};
		82976DDC2519933300261225 /* Release */ = {
			isa = XCBuildConfiguration;
			buildSettings = {
				ASSETCATALOG_COMPILER_APPICON_NAME = AppIcon;
				ASSETCATALOG_COMPILER_GLOBAL_ACCENT_COLOR_NAME = AccentColor;
				CODE_SIGN_STYLE = Automatic;
				DEVELOPMENT_TEAM = T42LSGY5JT;
				GCC_PREFIX_HEADER = Searchi_Obj/Searchi.pch;
				INFOPLIST_FILE = Searchi_Obj/Info.plist;
				LD_RUNPATH_SEARCH_PATHS = (
					"$(inherited)",
					"@executable_path/Frameworks",
				);
				PRODUCT_BUNDLE_IDENTIFIER = co.kr.hsw.LogSearchi;
				PRODUCT_NAME = "$(TARGET_NAME)";
				TARGETED_DEVICE_FAMILY = "1,2";
			};
			name = Release;
		};
/* End XCBuildConfiguration section */

/* Begin XCConfigurationList section */
		82976DA62519933100261225 /* Build configuration list for PBXProject "Searchi_Obj" */ = {
			isa = XCConfigurationList;
			buildConfigurations = (
				82976DD82519933300261225 /* Debug */,
				82976DD92519933300261225 /* Release */,
			);
			defaultConfigurationIsVisible = 0;
			defaultConfigurationName = Release;
		};
		82976DDA2519933300261225 /* Build configuration list for PBXNativeTarget "Searchi_Obj" */ = {
			isa = XCConfigurationList;
			buildConfigurations = (
				82976DDB2519933300261225 /* Debug */,
				82976DDC2519933300261225 /* Release */,
			);
			defaultConfigurationIsVisible = 0;
			defaultConfigurationName = Release;
		};
/* End XCConfigurationList section */
	};
	rootObject = 82976DA32519933100261225 /* Project object */;
}
