// !$*UTF8*$!
{
	archiveVersion = 1;
	classes = {
	};
	objectVersion = 50;
	objects = {

/* Begin PBXBuildFile section */
		826F9C53243B069400AE5887 /* AppDelegate.m in Sources */ = {isa = PBXBuildFile; fileRef = 826F9C52243B069400AE5887 /* AppDelegate.m */; };
		826F9C56243B069400AE5887 /* ViewController.m in Sources */ = {isa = PBXBuildFile; fileRef = 826F9C55243B069400AE5887 /* ViewController.m */; };
		826F9C59243B069400AE5887 /* Main.storyboard in Resources */ = {isa = PBXBuildFile; fileRef = 826F9C57243B069400AE5887 /* Main.storyboard */; };
		826F9C5B243B069800AE5887 /* Assets.xcassets in Resources */ = {isa = PBXBuildFile; fileRef = 826F9C5A243B069800AE5887 /* Assets.xcassets */; };
		826F9C5E243B069800AE5887 /* LaunchScreen.storyboard in Resources */ = {isa = PBXBuildFile; fileRef = 826F9C5C243B069800AE5887 /* LaunchScreen.storyboard */; };
		826F9C61243B069800AE5887 /* main.m in Sources */ = {isa = PBXBuildFile; fileRef = 826F9C60243B069800AE5887 /* main.m */; };
		826F9C6B243B069900AE5887 /* __4_1Tests.m in Sources */ = {isa = PBXBuildFile; fileRef = 826F9C6A243B069900AE5887 /* __4_1Tests.m */; };
		826F9C76243B069900AE5887 /* __4_1UITests.m in Sources */ = {isa = PBXBuildFile; fileRef = 826F9C75243B069900AE5887 /* __4_1UITests.m */; };
/* End PBXBuildFile section */

/* Begin PBXContainerItemProxy section */
		826F9C67243B069900AE5887 /* PBXContainerItemProxy */ = {
			isa = PBXContainerItemProxy;
			containerPortal = 826F9C46243B069400AE5887 /* Project object */;
			proxyType = 1;
			remoteGlobalIDString = 826F9C4D243B069400AE5887;
			remoteInfo = 9_4_1;
		};
		826F9C72243B069900AE5887 /* PBXContainerItemProxy */ = {
			isa = PBXContainerItemProxy;
			containerPortal = 826F9C46243B069400AE5887 /* Project object */;
			proxyType = 1;
			remoteGlobalIDString = 826F9C4D243B069400AE5887;
			remoteInfo = 9_4_1;
		};
/* End PBXContainerItemProxy section */

/* Begin PBXFileReference section */
		826F9C4E243B069400AE5887 /* 9_4_1.app */ = {isa = PBXFileReference; explicitFileType = wrapper.application; includeInIndex = 0; path = 9_4_1.app; sourceTree = BUILT_PRODUCTS_DIR; };
		826F9C51243B069400AE5887 /* AppDelegate.h */ = {isa = PBXFileReference; lastKnownFileType = sourcecode.c.h; path = AppDelegate.h; sourceTree = "<group>"; };
		826F9C52243B069400AE5887 /* AppDelegate.m */ = {isa = PBXFileReference; lastKnownFileType = sourcecode.c.objc; path = AppDelegate.m; sourceTree = "<group>"; };
		826F9C54243B069400AE5887 /* ViewController.h */ = {isa = PBXFileReference; lastKnownFileType = sourcecode.c.h; path = ViewController.h; sourceTree = "<group>"; };
		826F9C55243B069400AE5887 /* ViewController.m */ = {isa = PBXFileReference; lastKnownFileType = sourcecode.c.objc; path = ViewController.m; sourceTree = "<group>"; };
		826F9C58243B069400AE5887 /* Base */ = {isa = PBXFileReference; lastKnownFileType = file.storyboard; name = Base; path = Base.lproj/Main.storyboard; sourceTree = "<group>"; };
		826F9C5A243B069800AE5887 /* Assets.xcassets */ = {isa = PBXFileReference; lastKnownFileType = folder.assetcatalog; path = Assets.xcassets; sourceTree = "<group>"; };
		826F9C5D243B069800AE5887 /* Base */ = {isa = PBXFileReference; lastKnownFileType = file.storyboard; name = Base; path = Base.lproj/LaunchScreen.storyboard; sourceTree = "<group>"; };
		826F9C5F243B069800AE5887 /* Info.plist */ = {isa = PBXFileReference; lastKnownFileType = text.plist.xml; path = Info.plist; sourceTree = "<group>"; };
		826F9C60243B069800AE5887 /* main.m */ = {isa = PBXFileReference; lastKnownFileType = sourcecode.c.objc; path = main.m; sourceTree = "<group>"; };
		826F9C66243B069900AE5887 /* 9_4_1Tests.xctest */ = {isa = PBXFileReference; explicitFileType = wrapper.cfbundle; includeInIndex = 0; path = 9_4_1Tests.xctest; sourceTree = BUILT_PRODUCTS_DIR; };
		826F9C6A243B069900AE5887 /* __4_1Tests.m */ = {isa = PBXFileReference; lastKnownFileType = sourcecode.c.objc; path = __4_1Tests.m; sourceTree = "<group>"; };
		826F9C6C243B069900AE5887 /* Info.plist */ = {isa = PBXFileReference; lastKnownFileType = text.plist.xml; path = Info.plist; sourceTree = "<group>"; };
		826F9C71243B069900AE5887 /* 9_4_1UITests.xctest */ = {isa = PBXFileReference; explicitFileType = wrapper.cfbundle; includeInIndex = 0; path = 9_4_1UITests.xctest; sourceTree = BUILT_PRODUCTS_DIR; };
		826F9C75243B069900AE5887 /* __4_1UITests.m */ = {isa = PBXFileReference; lastKnownFileType = sourcecode.c.objc; path = __4_1UITests.m; sourceTree = "<group>"; };
		826F9C77243B069900AE5887 /* Info.plist */ = {isa = PBXFileReference; lastKnownFileType = text.plist.xml; path = Info.plist; sourceTree = "<group>"; };
/* End PBXFileReference section */

/* Begin PBXFrameworksBuildPhase section */
		826F9C4B243B069400AE5887 /* Frameworks */ = {
			isa = PBXFrameworksBuildPhase;
			buildActionMask = 2147483647;
			files = (
			);
			runOnlyForDeploymentPostprocessing = 0;
		};
		826F9C63243B069900AE5887 /* Frameworks */ = {
			isa = PBXFrameworksBuildPhase;
			buildActionMask = 2147483647;
			files = (
			);
			runOnlyForDeploymentPostprocessing = 0;
		};
		826F9C6E243B069900AE5887 /* Frameworks */ = {
			isa = PBXFrameworksBuildPhase;
			buildActionMask = 2147483647;
			files = (
			);
			runOnlyForDeploymentPostprocessing = 0;
		};
/* End PBXFrameworksBuildPhase section */

/* Begin PBXGroup section */
		826F9C45243B069400AE5887 = {
			isa = PBXGroup;
			children = (
				826F9C50243B069400AE5887 /* 9_4_1 */,
				826F9C69243B069900AE5887 /* 9_4_1Tests */,
				826F9C74243B069900AE5887 /* 9_4_1UITests */,
				826F9C4F243B069400AE5887 /* Products */,
			);
			sourceTree = "<group>";
		};
		826F9C4F243B069400AE5887 /* Products */ = {
			isa = PBXGroup;
			children = (
				826F9C4E243B069400AE5887 /* 9_4_1.app */,
				826F9C66243B069900AE5887 /* 9_4_1Tests.xctest */,
				826F9C71243B069900AE5887 /* 9_4_1UITests.xctest */,
			);
			name = Products;
			sourceTree = "<group>";
		};
		826F9C50243B069400AE5887 /* 9_4_1 */ = {
			isa = PBXGroup;
			children = (
				826F9C51243B069400AE5887 /* AppDelegate.h */,
				826F9C52243B069400AE5887 /* AppDelegate.m */,
				826F9C54243B069400AE5887 /* ViewController.h */,
				826F9C55243B069400AE5887 /* ViewController.m */,
				826F9C57243B069400AE5887 /* Main.storyboard */,
				826F9C5A243B069800AE5887 /* Assets.xcassets */,
				826F9C5C243B069800AE5887 /* LaunchScreen.storyboard */,
				826F9C5F243B069800AE5887 /* Info.plist */,
				826F9C60243B069800AE5887 /* main.m */,
			);
			path = 9_4_1;
			sourceTree = "<group>";
		};
		826F9C69243B069900AE5887 /* 9_4_1Tests */ = {
			isa = PBXGroup;
			children = (
				826F9C6A243B069900AE5887 /* __4_1Tests.m */,
				826F9C6C243B069900AE5887 /* Info.plist */,
			);
			path = 9_4_1Tests;
			sourceTree = "<group>";
		};
		826F9C74243B069900AE5887 /* 9_4_1UITests */ = {
			isa = PBXGroup;
			children = (
				826F9C75243B069900AE5887 /* __4_1UITests.m */,
				826F9C77243B069900AE5887 /* Info.plist */,
			);
			path = 9_4_1UITests;
			sourceTree = "<group>";
		};
/* End PBXGroup section */

/* Begin PBXNativeTarget section */
		826F9C4D243B069400AE5887 /* 9_4_1 */ = {
			isa = PBXNativeTarget;
			buildConfigurationList = 826F9C7A243B069900AE5887 /* Build configuration list for PBXNativeTarget "9_4_1" */;
			buildPhases = (
				826F9C4A243B069400AE5887 /* Sources */,
				826F9C4B243B069400AE5887 /* Frameworks */,
				826F9C4C243B069400AE5887 /* Resources */,
			);
			buildRules = (
			);
			dependencies = (
			);
			name = 9_4_1;
			productName = 9_4_1;
			productReference = 826F9C4E243B069400AE5887 /* 9_4_1.app */;
			productType = "com.apple.product-type.application";
		};
		826F9C65243B069900AE5887 /* 9_4_1Tests */ = {
			isa = PBXNativeTarget;
			buildConfigurationList = 826F9C7D243B069900AE5887 /* Build configuration list for PBXNativeTarget "9_4_1Tests" */;
			buildPhases = (
				826F9C62243B069900AE5887 /* Sources */,
				826F9C63243B069900AE5887 /* Frameworks */,
				826F9C64243B069900AE5887 /* Resources */,
			);
			buildRules = (
			);
			dependencies = (
				826F9C68243B069900AE5887 /* PBXTargetDependency */,
			);
			name = 9_4_1Tests;
			productName = 9_4_1Tests;
			productReference = 826F9C66243B069900AE5887 /* 9_4_1Tests.xctest */;
			productType = "com.apple.product-type.bundle.unit-test";
		};
		826F9C70243B069900AE5887 /* 9_4_1UITests */ = {
			isa = PBXNativeTarget;
			buildConfigurationList = 826F9C80243B069900AE5887 /* Build configuration list for PBXNativeTarget "9_4_1UITests" */;
			buildPhases = (
				826F9C6D243B069900AE5887 /* Sources */,
				826F9C6E243B069900AE5887 /* Frameworks */,
				826F9C6F243B069900AE5887 /* Resources */,
			);
			buildRules = (
			);
			dependencies = (
				826F9C73243B069900AE5887 /* PBXTargetDependency */,
			);
			name = 9_4_1UITests;
			productName = 9_4_1UITests;
			productReference = 826F9C71243B069900AE5887 /* 9_4_1UITests.xctest */;
			productType = "com.apple.product-type.bundle.ui-testing";
		};
/* End PBXNativeTarget section */

/* Begin PBXProject section */
		826F9C46243B069400AE5887 /* Project object */ = {
			isa = PBXProject;
			attributes = {
				LastUpgradeCheck = 0940;
				ORGANIZATIONNAME = "SANGWON HAN";
				TargetAttributes = {
					826F9C4D243B069400AE5887 = {
						CreatedOnToolsVersion = 9.4.1;
					};
					826F9C65243B069900AE5887 = {
						CreatedOnToolsVersion = 9.4.1;
						TestTargetID = 826F9C4D243B069400AE5887;
					};
					826F9C70243B069900AE5887 = {
						CreatedOnToolsVersion = 9.4.1;
						TestTargetID = 826F9C4D243B069400AE5887;
					};
				};
			};
			buildConfigurationList = 826F9C49243B069400AE5887 /* Build configuration list for PBXProject "9_4_1" */;
			compatibilityVersion = "Xcode 9.3";
			developmentRegion = en;
			hasScannedForEncodings = 0;
			knownRegions = (
				en,
				Base,
			);
			mainGroup = 826F9C45243B069400AE5887;
			productRefGroup = 826F9C4F243B069400AE5887 /* Products */;
			projectDirPath = "";
			projectRoot = "";
			targets = (
				826F9C4D243B069400AE5887 /* 9_4_1 */,
				826F9C65243B069900AE5887 /* 9_4_1Tests */,
				826F9C70243B069900AE5887 /* 9_4_1UITests */,
			);
		};
/* End PBXProject section */

/* Begin PBXResourcesBuildPhase section */
		826F9C4C243B069400AE5887 /* Resources */ = {
			isa = PBXResourcesBuildPhase;
			buildActionMask = 2147483647;
			files = (
				826F9C5E243B069800AE5887 /* LaunchScreen.storyboard in Resources */,
				826F9C5B243B069800AE5887 /* Assets.xcassets in Resources */,
				826F9C59243B069400AE5887 /* Main.storyboard in Resources */,
			);
			runOnlyForDeploymentPostprocessing = 0;
		};
		826F9C64243B069900AE5887 /* Resources */ = {
			isa = PBXResourcesBuildPhase;
			buildActionMask = 2147483647;
			files = (
			);
			runOnlyForDeploymentPostprocessing = 0;
		};
		826F9C6F243B069900AE5887 /* Resources */ = {
			isa = PBXResourcesBuildPhase;
			buildActionMask = 2147483647;
			files = (
			);
			runOnlyForDeploymentPostprocessing = 0;
		};
/* End PBXResourcesBuildPhase section */

/* Begin PBXSourcesBuildPhase section */
		826F9C4A243B069400AE5887 /* Sources */ = {
			isa = PBXSourcesBuildPhase;
			buildActionMask = 2147483647;
			files = (
				826F9C56243B069400AE5887 /* ViewController.m in Sources */,
				826F9C61243B069800AE5887 /* main.m in Sources */,
				826F9C53243B069400AE5887 /* AppDelegate.m in Sources */,
			);
			runOnlyForDeploymentPostprocessing = 0;
		};
		826F9C62243B069900AE5887 /* Sources */ = {
			isa = PBXSourcesBuildPhase;
			buildActionMask = 2147483647;
			files = (
				826F9C6B243B069900AE5887 /* __4_1Tests.m in Sources */,
			);
			runOnlyForDeploymentPostprocessing = 0;
		};
		826F9C6D243B069900AE5887 /* Sources */ = {
			isa = PBXSourcesBuildPhase;
			buildActionMask = 2147483647;
			files = (
				826F9C76243B069900AE5887 /* __4_1UITests.m in Sources */,
			);
			runOnlyForDeploymentPostprocessing = 0;
		};
/* End PBXSourcesBuildPhase section */

/* Begin PBXTargetDependency section */
		826F9C68243B069900AE5887 /* PBXTargetDependency */ = {
			isa = PBXTargetDependency;
			target = 826F9C4D243B069400AE5887 /* 9_4_1 */;
			targetProxy = 826F9C67243B069900AE5887 /* PBXContainerItemProxy */;
		};
		826F9C73243B069900AE5887 /* PBXTargetDependency */ = {
			isa = PBXTargetDependency;
			target = 826F9C4D243B069400AE5887 /* 9_4_1 */;
			targetProxy = 826F9C72243B069900AE5887 /* PBXContainerItemProxy */;
		};
/* End PBXTargetDependency section */

/* Begin PBXVariantGroup section */
		826F9C57243B069400AE5887 /* Main.storyboard */ = {
			isa = PBXVariantGroup;
			children = (
				826F9C58243B069400AE5887 /* Base */,
			);
			name = Main.storyboard;
			sourceTree = "<group>";
		};
		826F9C5C243B069800AE5887 /* LaunchScreen.storyboard */ = {
			isa = PBXVariantGroup;
			children = (
				826F9C5D243B069800AE5887 /* Base */,
			);
			name = LaunchScreen.storyboard;
			sourceTree = "<group>";
		};
/* End PBXVariantGroup section */

/* Begin XCBuildConfiguration section */
		826F9C78243B069900AE5887 /* Debug */ = {
			isa = XCBuildConfiguration;
			buildSettings = {
				ALWAYS_SEARCH_USER_PATHS = NO;
				CLANG_ANALYZER_NONNULL = YES;
				CLANG_ANALYZER_NUMBER_OBJECT_CONVERSION = YES_AGGRESSIVE;
				CLANG_CXX_LANGUAGE_STANDARD = "gnu++14";
				CLANG_CXX_LIBRARY = "libc++";
				CLANG_ENABLE_MODULES = YES;
				CLANG_ENABLE_OBJC_ARC = YES;
				CLANG_ENABLE_OBJC_WEAK = YES;
				CLANG_WARN_BLOCK_CAPTURE_AUTORELEASING = YES;
				CLANG_WARN_BOOL_CONVERSION = YES;
				CLANG_WARN_COMMA = YES;
				CLANG_WARN_CONSTANT_CONVERSION = YES;
				CLANG_WARN_DEPRECATED_OBJC_IMPLEMENTATIONS = YES;
				CLANG_WARN_DIRECT_OBJC_ISA_USAGE = YES_ERROR;
				CLANG_WARN_DOCUMENTATION_COMMENTS = YES;
				CLANG_WARN_EMPTY_BODY = YES;
				CLANG_WARN_ENUM_CONVERSION = YES;
				CLANG_WARN_INFINITE_RECURSION = YES;
				CLANG_WARN_INT_CONVERSION = YES;
				CLANG_WARN_NON_LITERAL_NULL_CONVERSION = YES;
				CLANG_WARN_OBJC_IMPLICIT_RETAIN_SELF = YES;
				CLANG_WARN_OBJC_LITERAL_CONVERSION = YES;
				CLANG_WARN_OBJC_ROOT_CLASS = YES_ERROR;
				CLANG_WARN_RANGE_LOOP_ANALYSIS = YES;
				CLANG_WARN_STRICT_PROTOTYPES = YES;
				CLANG_WARN_SUSPICIOUS_MOVE = YES;
				CLANG_WARN_UNGUARDED_AVAILABILITY = YES_AGGRESSIVE;
				CLANG_WARN_UNREACHABLE_CODE = YES;
				CLANG_WARN__DUPLICATE_METHOD_MATCH = YES;
				CODE_SIGN_IDENTITY = "iPhone Developer";
				COPY_PHASE_STRIP = NO;
				DEBUG_INFORMATION_FORMAT = dwarf;
				ENABLE_STRICT_OBJC_MSGSEND = YES;
				ENABLE_TESTABILITY = YES;
				GCC_C_LANGUAGE_STANDARD = gnu11;
				GCC_DYNAMIC_NO_PIC = NO;
				GCC_NO_COMMON_BLOCKS = YES;
				GCC_OPTIMIZATION_LEVEL = 0;
				GCC_PREPROCESSOR_DEFINITIONS = (
					"DEBUG=1",
					"$(inherited)",
				);
				GCC_WARN_64_TO_32_BIT_CONVERSION = YES;
				GCC_WARN_ABOUT_RETURN_TYPE = YES_ERROR;
				GCC_WARN_UNDECLARED_SELECTOR = YES;
				GCC_WARN_UNINITIALIZED_AUTOS = YES_AGGRESSIVE;
				GCC_WARN_UNUSED_FUNCTION = YES;
				GCC_WARN_UNUSED_VARIABLE = YES;
				IPHONEOS_DEPLOYMENT_TARGET = 11.4;
				MTL_ENABLE_DEBUG_INFO = YES;
				ONLY_ACTIVE_ARCH = YES;
				SDKROOT = iphoneos;
			};
			name = Debug;
		};
		826F9C79243B069900AE5887 /* Release */ = {
			isa = XCBuildConfiguration;
			buildSettings = {
				ALWAYS_SEARCH_USER_PATHS = NO;
				CLANG_ANALYZER_NONNULL = YES;
				CLANG_ANALYZER_NUMBER_OBJECT_CONVERSION = YES_AGGRESSIVE;
				CLANG_CXX_LANGUAGE_STANDARD = "gnu++14";
				CLANG_CXX_LIBRARY = "libc++";
				CLANG_ENABLE_MODULES = YES;
				CLANG_ENABLE_OBJC_ARC = YES;
				CLANG_ENABLE_OBJC_WEAK = YES;
				CLANG_WARN_BLOCK_CAPTURE_AUTORELEASING = YES;
				CLANG_WARN_BOOL_CONVERSION = YES;
				CLANG_WARN_COMMA = YES;
				CLANG_WARN_CONSTANT_CONVERSION = YES;
				CLANG_WARN_DEPRECATED_OBJC_IMPLEMENTATIONS = YES;
				CLANG_WARN_DIRECT_OBJC_ISA_USAGE = YES_ERROR;
				CLANG_WARN_DOCUMENTATION_COMMENTS = YES;
				CLANG_WARN_EMPTY_BODY = YES;
				CLANG_WARN_ENUM_CONVERSION = YES;
				CLANG_WARN_INFINITE_RECURSION = YES;
				CLANG_WARN_INT_CONVERSION = YES;
				CLANG_WARN_NON_LITERAL_NULL_CONVERSION = YES;
				CLANG_WARN_OBJC_IMPLICIT_RETAIN_SELF = YES;
				CLANG_WARN_OBJC_LITERAL_CONVERSION = YES;
				CLANG_WARN_OBJC_ROOT_CLASS = YES_ERROR;
				CLANG_WARN_RANGE_LOOP_ANALYSIS = YES;
				CLANG_WARN_STRICT_PROTOTYPES = YES;
				CLANG_WARN_SUSPICIOUS_MOVE = YES;
				CLANG_WARN_UNGUARDED_AVAILABILITY = YES_AGGRESSIVE;
				CLANG_WARN_UNREACHABLE_CODE = YES;
				CLANG_WARN__DUPLICATE_METHOD_MATCH = YES;
				CODE_SIGN_IDENTITY = "iPhone Developer";
				COPY_PHASE_STRIP = NO;
				DEBUG_INFORMATION_FORMAT = "dwarf-with-dsym";
				ENABLE_NS_ASSERTIONS = NO;
				ENABLE_STRICT_OBJC_MSGSEND = YES;
				GCC_C_LANGUAGE_STANDARD = gnu11;
				GCC_NO_COMMON_BLOCKS = YES;
				GCC_WARN_64_TO_32_BIT_CONVERSION = YES;
				GCC_WARN_ABOUT_RETURN_TYPE = YES_ERROR;
				GCC_WARN_UNDECLARED_SELECTOR = YES;
				GCC_WARN_UNINITIALIZED_AUTOS = YES_AGGRESSIVE;
				GCC_WARN_UNUSED_FUNCTION = YES;
				GCC_WARN_UNUSED_VARIABLE = YES;
				IPHONEOS_DEPLOYMENT_TARGET = 11.4;
				MTL_ENABLE_DEBUG_INFO = NO;
				SDKROOT = iphoneos;
				VALIDATE_PRODUCT = YES;
			};
			name = Release;
		};
		826F9C7B243B069900AE5887 /* Debug */ = {
			isa = XCBuildConfiguration;
			buildSettings = {
				ASSETCATALOG_COMPILER_APPICON_NAME = AppIcon;
				CODE_SIGN_STYLE = Automatic;
				DEVELOPMENT_TEAM = STJ3K84EP5;
				INFOPLIST_FILE = 9_4_1/Info.plist;
				IPHONEOS_DEPLOYMENT_TARGET = jw;
				LD_RUNPATH_SEARCH_PATHS = (
					"$(inherited)",
					"@executable_path/Frameworks",
				);
				PRODUCT_BUNDLE_IDENTIFIER = co.kr.miaps.hansw;
				PRODUCT_NAME = "$(TARGET_NAME)";
				TARGETED_DEVICE_FAMILY = "1,2";
			};
			name = Debug;
		};
		826F9C7C243B069900AE5887 /* Release */ = {
			isa = XCBuildConfiguration;
			buildSettings = {
				ASSETCATALOG_COMPILER_APPICON_NAME = AppIcon;
				CODE_SIGN_STYLE = Automatic;
				DEVELOPMENT_TEAM = STJ3K84EP5;
				INFOPLIST_FILE = 9_4_1/Info.plist;
				IPHONEOS_DEPLOYMENT_TARGET = jw;
				LD_RUNPATH_SEARCH_PATHS = (
					"$(inherited)",
					"@executable_path/Frameworks",
				);
				PRODUCT_BUNDLE_IDENTIFIER = co.kr.miaps.hansw;
				PRODUCT_NAME = "$(TARGET_NAME)";
				TARGETED_DEVICE_FAMILY = "1,2";
			};
			name = Release;
		};
		826F9C7E243B069900AE5887 /* Debug */ = {
			isa = XCBuildConfiguration;
			buildSettings = {
				BUNDLE_LOADER = "$(TEST_HOST)";
				CODE_SIGN_STYLE = Automatic;
				INFOPLIST_FILE = 9_4_1Tests/Info.plist;
				LD_RUNPATH_SEARCH_PATHS = (
					"$(inherited)",
					"@executable_path/Frameworks",
					"@loader_path/Frameworks",
				);
				PRODUCT_BUNDLE_IDENTIFIER = "co.kr.miaps.--4-1Tests";
				PRODUCT_NAME = "$(TARGET_NAME)";
				TARGETED_DEVICE_FAMILY = "1,2";
				TEST_HOST = "$(BUILT_PRODUCTS_DIR)/9_4_1.app/9_4_1";
			};
			name = Debug;
		};
		826F9C7F243B069900AE5887 /* Release */ = {
			isa = XCBuildConfiguration;
			buildSettings = {
				BUNDLE_LOADER = "$(TEST_HOST)";
				CODE_SIGN_STYLE = Automatic;
				INFOPLIST_FILE = 9_4_1Tests/Info.plist;
				LD_RUNPATH_SEARCH_PATHS = (
					"$(inherited)",
					"@executable_path/Frameworks",
					"@loader_path/Frameworks",
				);
				PRODUCT_BUNDLE_IDENTIFIER = "co.kr.miaps.--4-1Tests";
				PRODUCT_NAME = "$(TARGET_NAME)";
				TARGETED_DEVICE_FAMILY = "1,2";
				TEST_HOST = "$(BUILT_PRODUCTS_DIR)/9_4_1.app/9_4_1";
			};
			name = Release;
		};
		826F9C81243B069900AE5887 /* Debug */ = {
			isa = XCBuildConfiguration;
			buildSettings = {
				CODE_SIGN_STYLE = Automatic;
				INFOPLIST_FILE = 9_4_1UITests/Info.plist;
				LD_RUNPATH_SEARCH_PATHS = (
					"$(inherited)",
					"@executable_path/Frameworks",
					"@loader_path/Frameworks",
				);
				PRODUCT_BUNDLE_IDENTIFIER = "co.kr.miaps.--4-1UITests";
				PRODUCT_NAME = "$(TARGET_NAME)";
				TARGETED_DEVICE_FAMILY = "1,2";
				TEST_TARGET_NAME = 9_4_1;
			};
			name = Debug;
		};
		826F9C82243B069900AE5887 /* Release */ = {
			isa = XCBuildConfiguration;
			buildSettings = {
				CODE_SIGN_STYLE = Automatic;
				INFOPLIST_FILE = 9_4_1UITests/Info.plist;
				LD_RUNPATH_SEARCH_PATHS = (
					"$(inherited)",
					"@executable_path/Frameworks",
					"@loader_path/Frameworks",
				);
				PRODUCT_BUNDLE_IDENTIFIER = "co.kr.miaps.--4-1UITests";
				PRODUCT_NAME = "$(TARGET_NAME)";
				TARGETED_DEVICE_FAMILY = "1,2";
				TEST_TARGET_NAME = 9_4_1;
			};
			name = Release;
		};
/* End XCBuildConfiguration section */

/* Begin XCConfigurationList section */
		826F9C49243B069400AE5887 /* Build configuration list for PBXProject "9_4_1" */ = {
			isa = XCConfigurationList;
			buildConfigurations = (
				826F9C78243B069900AE5887 /* Debug */,
				826F9C79243B069900AE5887 /* Release */,
			);
			defaultConfigurationIsVisible = 0;
			defaultConfigurationName = Release;
		};
		826F9C7A243B069900AE5887 /* Build configuration list for PBXNativeTarget "9_4_1" */ = {
			isa = XCConfigurationList;
			buildConfigurations = (
				826F9C7B243B069900AE5887 /* Debug */,
				826F9C7C243B069900AE5887 /* Release */,
			);
			defaultConfigurationIsVisible = 0;
			defaultConfigurationName = Release;
		};
		826F9C7D243B069900AE5887 /* Build configuration list for PBXNativeTarget "9_4_1Tests" */ = {
			isa = XCConfigurationList;
			buildConfigurations = (
				826F9C7E243B069900AE5887 /* Debug */,
				826F9C7F243B069900AE5887 /* Release */,
			);
			defaultConfigurationIsVisible = 0;
			defaultConfigurationName = Release;
		};
		826F9C80243B069900AE5887 /* Build configuration list for PBXNativeTarget "9_4_1UITests" */ = {
			isa = XCConfigurationList;
			buildConfigurations = (
				826F9C81243B069900AE5887 /* Debug */,
				826F9C82243B069900AE5887 /* Release */,
			);
			defaultConfigurationIsVisible = 0;
			defaultConfigurationName = Release;
		};
/* End XCConfigurationList section */
	};
	rootObject = 826F9C46243B069400AE5887 /* Project object */;
}
